
Microsoft Visual Studio Solution File, Format Version 12.00
# Visual Studio Version 17
VisualStudioVersion = 17.0.31903.59
MinimumVisualStudioVersion = 10.0.40219.1
Project("{FAE04EC0-301F-11D3-BF4B-00C04F79EFBC}") = "EndpointMapper", "EndpointMapper\EndpointMapper.csproj", "{03AFFD98-13DE-474D-B37C-B413A532C7C5}"
EndProject
Project("{2150E333-8FDC-42A3-9474-1A3956D46DE8}") = "Examples", "Examples", "{F3CA4512-5DBF-4B32-AEE8-DFD1714D2A51}"
EndProject
Project("{FAE04EC0-301F-11D3-BF4B-00C04F79EFBC}") = "EndpointMapper.TestApplication", "Examples\EndpointMapper.TestApplication\EndpointMapper.TestApplication.csproj", "{68F74D22-4CAF-472C-B495-94A954DD2F62}"
EndProject
Global
	GlobalSection(SolutionConfigurationPlatforms) = preSolution
		Debug|Any CPU = Debug|Any CPU
		Release|Any CPU = Release|Any CPU
	EndGlobalSection
	GlobalSection(SolutionProperties) = preSolution
		HideSolutionNode = FALSE
	EndGlobalSection
	GlobalSection(ProjectConfigurationPlatforms) = postSolution
		{03AFFD98-13DE-474D-B37C-B413A532C7C5}.Debug|Any CPU.ActiveCfg = Debug|Any CPU
		{03AFFD98-13DE-474D-B37C-B413A532C7C5}.Debug|Any CPU.Build.0 = Debug|Any CPU
		{03AFFD98-13DE-474D-B37C-B413A532C7C5}.Release|Any CPU.ActiveCfg = Release|Any CPU
		{03AFFD98-13DE-474D-B37C-B413A532C7C5}.Release|Any CPU.Build.0 = Release|Any CPU
		{68F74D22-4CAF-472C-B495-94A954DD2F62}.Debug|Any CPU.ActiveCfg = Debug|Any CPU
		{68F74D22-4CAF-472C-B495-94A954DD2F62}.Debug|Any CPU.Build.0 = Debug|Any CPU
		{68F74D22-4CAF-472C-B495-94A954DD2F62}.Release|Any CPU.ActiveCfg = Release|Any CPU
		{68F74D22-4CAF-472C-B495-94A954DD2F62}.Release|Any CPU.Build.0 = Release|Any CPU
	EndGlobalSection
	GlobalSection(NestedProjects) = preSolution
		{68F74D22-4CAF-472C-B495-94A954DD2F62} = {F3CA4512-5DBF-4B32-AEE8-DFD1714D2A51}
	EndGlobalSection
EndGlobal
